
Microsoft Visual Studio Solution File, Format Version 12.00
# Visual Studio Version 17
VisualStudioVersion = 17.1.32421.90
MinimumVisualStudioVersion = 10.0.40219.1
Project("{FAE04EC0-301F-11D3-BF4B-00C04F79EFBC}") = "gl6_6_3", "gl6_6_3\gl6_6_3.csproj", "{2BAFA170-3D55-48AF-BB45-47F67ECB52D8}"
EndProject
Global
	GlobalSection(SolutionConfigurationPlatforms) = preSolution
		Debug|Any CPU = Debug|Any CPU
		Release|Any CPU = Release|Any CPU
	EndGlobalSection
	GlobalSection(ProjectConfigurationPlatforms) = postSolution
		{2BAFA170-3D55-48AF-BB45-47F67ECB52D8}.Debug|Any CPU.ActiveCfg = Debug|Any CPU
		{2BAFA170-3D55-48AF-BB45-47F67ECB52D8}.Debug|Any CPU.Build.0 = Debug|Any CPU
		{2BAFA170-3D55-48AF-BB45-47F67ECB52D8}.Release|Any CPU.ActiveCfg = Release|Any CPU
		{2BAFA170-3D55-48AF-BB45-47F67ECB52D8}.Release|Any CPU.Build.0 = Release|Any CPU
	EndGlobalSection
	GlobalSection(SolutionProperties) = preSolution
		HideSolutionNode = FALSE
	EndGlobalSection
	GlobalSection(ExtensibilityGlobals) = postSolution
		SolutionGuid = {BD0F23DE-BB35-4AF4-A30C-C2D460E8E6A9}
	EndGlobalSection
EndGlobal
